
Microsoft Visual Studio Solution File, Format Version 12.00
# Visual Studio Version 17
VisualStudioVersion = 17.9.34728.123
MinimumVisualStudioVersion = 10.0.40219.1
Project("{8BC9CEB8-8B4A-11D0-8D11-00A0C91BC942}") = "AbstractFactory", "AbstractFactory\AbstractFactory.vcxproj", "{76002818-C24B-4A31-9FE0-21E1CFB3608C}"
EndProject
Project("{8BC9CEB8-8B4A-11D0-8D11-00A0C91BC942}") = "FactoryMethod", "FactoryMethod\FactoryMethod.vcxproj", "{66BE4C54-2BC6-4DF6-9408-6B69BC4A19A2}"
EndProject
Project("{8BC9CEB8-8B4A-11D0-8D11-00A0C91BC942}") = "Builder", "Builder\Builder.vcxproj", "{F9E98DF4-9B1B-4608-96DC-EFBF7C6AC739}"
EndProject
Project("{8BC9CEB8-8B4A-11D0-8D11-00A0C91BC942}") = "Prototype", "Prototype\Prototype.vcxproj", "{FE1A8944-7D00-4C21-8D3F-3E2ED5455490}"
EndProject
Project("{8BC9CEB8-8B4A-11D0-8D11-00A0C91BC942}") = "Singleton", "Singleton\Singleton.vcxproj", "{7C106378-EF73-4945-A66E-92766A45A3E0}"
EndProject
Project("{2150E333-8FDC-42A3-9474-1A3956D46DE8}") = "Порождающие", "Порождающие", "{B6369145-2D80-4B23-9A0D-D487D867E857}"
EndProject
Project("{2150E333-8FDC-42A3-9474-1A3956D46DE8}") = "Структурные", "Структурные", "{391679D8-3006-4DE9-8047-C3D658F119DB}"
EndProject
Project("{2150E333-8FDC-42A3-9474-1A3956D46DE8}") = "Поведенческие", "Поведенческие", "{D0CB7731-C5C2-4052-AB8A-1DA1A628EB63}"
EndProject
Project("{8BC9CEB8-8B4A-11D0-8D11-00A0C91BC942}") = "Adapter", "Adapter\Adapter.vcxproj", "{525E4F7E-B0DD-43A7-87CE-48D362A78AEF}"
EndProject
Project("{8BC9CEB8-8B4A-11D0-8D11-00A0C91BC942}") = "Bridge", "Bridge\Bridge.vcxproj", "{91576CE1-FB57-4F9B-BB24-B80FBFADCAF2}"
EndProject
Project("{8BC9CEB8-8B4A-11D0-8D11-00A0C91BC942}") = "Composite", "Composite\Composite.vcxproj", "{523C8498-86DB-4D64-A532-FBE84C6743A8}"
EndProject
Project("{8BC9CEB8-8B4A-11D0-8D11-00A0C91BC942}") = "Decorator", "Decorator\Decorator.vcxproj", "{B802A050-F729-40AE-A88D-23337A84B9B0}"
EndProject
Project("{8BC9CEB8-8B4A-11D0-8D11-00A0C91BC942}") = "Proxy", "Proxy\Proxy.vcxproj", "{87CBE01D-7909-4E69-95C0-A725895F0D80}"
EndProject
Project("{8BC9CEB8-8B4A-11D0-8D11-00A0C91BC942}") = "Flyweight", "Flyweight\Flyweight.vcxproj", "{3D9F7306-B33C-4E1E-BEB3-528C3C7F0D87}"
EndProject
Global
	GlobalSection(SolutionConfigurationPlatforms) = preSolution
		Debug|x64 = Debug|x64
		Debug|x86 = Debug|x86
		Release|x64 = Release|x64
		Release|x86 = Release|x86
	EndGlobalSection
	GlobalSection(ProjectConfigurationPlatforms) = postSolution
		{76002818-C24B-4A31-9FE0-21E1CFB3608C}.Debug|x64.ActiveCfg = Debug|x64
		{76002818-C24B-4A31-9FE0-21E1CFB3608C}.Debug|x64.Build.0 = Debug|x64
		{76002818-C24B-4A31-9FE0-21E1CFB3608C}.Debug|x86.ActiveCfg = Debug|Win32
		{76002818-C24B-4A31-9FE0-21E1CFB3608C}.Debug|x86.Build.0 = Debug|Win32
		{76002818-C24B-4A31-9FE0-21E1CFB3608C}.Release|x64.ActiveCfg = Release|x64
		{76002818-C24B-4A31-9FE0-21E1CFB3608C}.Release|x64.Build.0 = Release|x64
		{76002818-C24B-4A31-9FE0-21E1CFB3608C}.Release|x86.ActiveCfg = Release|Win32
		{76002818-C24B-4A31-9FE0-21E1CFB3608C}.Release|x86.Build.0 = Release|Win32
		{66BE4C54-2BC6-4DF6-9408-6B69BC4A19A2}.Debug|x64.ActiveCfg = Debug|x64
		{66BE4C54-2BC6-4DF6-9408-6B69BC4A19A2}.Debug|x64.Build.0 = Debug|x64
		{66BE4C54-2BC6-4DF6-9408-6B69BC4A19A2}.Debug|x86.ActiveCfg = Debug|Win32
		{66BE4C54-2BC6-4DF6-9408-6B69BC4A19A2}.Debug|x86.Build.0 = Debug|Win32
		{66BE4C54-2BC6-4DF6-9408-6B69BC4A19A2}.Release|x64.ActiveCfg = Release|x64
		{66BE4C54-2BC6-4DF6-9408-6B69BC4A19A2}.Release|x64.Build.0 = Release|x64
		{66BE4C54-2BC6-4DF6-9408-6B69BC4A19A2}.Release|x86.ActiveCfg = Release|Win32
		{66BE4C54-2BC6-4DF6-9408-6B69BC4A19A2}.Release|x86.Build.0 = Release|Win32
		{F9E98DF4-9B1B-4608-96DC-EFBF7C6AC739}.Debug|x64.ActiveCfg = Debug|x64
		{F9E98DF4-9B1B-4608-96DC-EFBF7C6AC739}.Debug|x64.Build.0 = Debug|x64
		{F9E98DF4-9B1B-4608-96DC-EFBF7C6AC739}.Debug|x86.ActiveCfg = Debug|Win32
		{F9E98DF4-9B1B-4608-96DC-EFBF7C6AC739}.Debug|x86.Build.0 = Debug|Win32
		{F9E98DF4-9B1B-4608-96DC-EFBF7C6AC739}.Release|x64.ActiveCfg = Release|x64
		{F9E98DF4-9B1B-4608-96DC-EFBF7C6AC739}.Release|x64.Build.0 = Release|x64
		{F9E98DF4-9B1B-4608-96DC-EFBF7C6AC739}.Release|x86.ActiveCfg = Release|Win32
		{F9E98DF4-9B1B-4608-96DC-EFBF7C6AC739}.Release|x86.Build.0 = Release|Win32
		{FE1A8944-7D00-4C21-8D3F-3E2ED5455490}.Debug|x64.ActiveCfg = Debug|x64
		{FE1A8944-7D00-4C21-8D3F-3E2ED5455490}.Debug|x64.Build.0 = Debug|x64
		{FE1A8944-7D00-4C21-8D3F-3E2ED5455490}.Debug|x86.ActiveCfg = Debug|Win32
		{FE1A8944-7D00-4C21-8D3F-3E2ED5455490}.Debug|x86.Build.0 = Debug|Win32
		{FE1A8944-7D00-4C21-8D3F-3E2ED5455490}.Release|x64.ActiveCfg = Release|x64
		{FE1A8944-7D00-4C21-8D3F-3E2ED5455490}.Release|x64.Build.0 = Release|x64
		{FE1A8944-7D00-4C21-8D3F-3E2ED5455490}.Release|x86.ActiveCfg = Release|Win32
		{FE1A8944-7D00-4C21-8D3F-3E2ED5455490}.Release|x86.Build.0 = Release|Win32
		{7C106378-EF73-4945-A66E-92766A45A3E0}.Debug|x64.ActiveCfg = Debug|x64
		{7C106378-EF73-4945-A66E-92766A45A3E0}.Debug|x64.Build.0 = Debug|x64
		{7C106378-EF73-4945-A66E-92766A45A3E0}.Debug|x86.ActiveCfg = Debug|Win32
		{7C106378-EF73-4945-A66E-92766A45A3E0}.Debug|x86.Build.0 = Debug|Win32
		{7C106378-EF73-4945-A66E-92766A45A3E0}.Release|x64.ActiveCfg = Release|x64
		{7C106378-EF73-4945-A66E-92766A45A3E0}.Release|x64.Build.0 = Release|x64
		{7C106378-EF73-4945-A66E-92766A45A3E0}.Release|x86.ActiveCfg = Release|Win32
		{7C106378-EF73-4945-A66E-92766A45A3E0}.Release|x86.Build.0 = Release|Win32
		{525E4F7E-B0DD-43A7-87CE-48D362A78AEF}.Debug|x64.ActiveCfg = Debug|x64
		{525E4F7E-B0DD-43A7-87CE-48D362A78AEF}.Debug|x64.Build.0 = Debug|x64
		{525E4F7E-B0DD-43A7-87CE-48D362A78AEF}.Debug|x86.ActiveCfg = Debug|Win32
		{525E4F7E-B0DD-43A7-87CE-48D362A78AEF}.Debug|x86.Build.0 = Debug|Win32
		{525E4F7E-B0DD-43A7-87CE-48D362A78AEF}.Release|x64.ActiveCfg = Release|x64
		{525E4F7E-B0DD-43A7-87CE-48D362A78AEF}.Release|x64.Build.0 = Release|x64
		{525E4F7E-B0DD-43A7-87CE-48D362A78AEF}.Release|x86.ActiveCfg = Release|Win32
		{525E4F7E-B0DD-43A7-87CE-48D362A78AEF}.Release|x86.Build.0 = Release|Win32
		{91576CE1-FB57-4F9B-BB24-B80FBFADCAF2}.Debug|x64.ActiveCfg = Debug|x64
		{91576CE1-FB57-4F9B-BB24-B80FBFADCAF2}.Debug|x64.Build.0 = Debug|x64
		{91576CE1-FB57-4F9B-BB24-B80FBFADCAF2}.Debug|x86.ActiveCfg = Debug|Win32
		{91576CE1-FB57-4F9B-BB24-B80FBFADCAF2}.Debug|x86.Build.0 = Debug|Win32
		{91576CE1-FB57-4F9B-BB24-B80FBFADCAF2}.Release|x64.ActiveCfg = Release|x64
		{91576CE1-FB57-4F9B-BB24-B80FBFADCAF2}.Release|x64.Build.0 = Release|x64
		{91576CE1-FB57-4F9B-BB24-B80FBFADCAF2}.Release|x86.ActiveCfg = Release|Win32
		{91576CE1-FB57-4F9B-BB24-B80FBFADCAF2}.Release|x86.Build.0 = Release|Win32
		{523C8498-86DB-4D64-A532-FBE84C6743A8}.Debug|x64.ActiveCfg = Debug|x64
		{523C8498-86DB-4D64-A532-FBE84C6743A8}.Debug|x64.Build.0 = Debug|x64
		{523C8498-86DB-4D64-A532-FBE84C6743A8}.Debug|x86.ActiveCfg = Debug|Win32
		{523C8498-86DB-4D64-A532-FBE84C6743A8}.Debug|x86.Build.0 = Debug|Win32
		{523C8498-86DB-4D64-A532-FBE84C6743A8}.Release|x64.ActiveCfg = Release|x64
		{523C8498-86DB-4D64-A532-FBE84C6743A8}.Release|x64.Build.0 = Release|x64
		{523C8498-86DB-4D64-A532-FBE84C6743A8}.Release|x86.ActiveCfg = Release|Win32
		{523C8498-86DB-4D64-A532-FBE84C6743A8}.Release|x86.Build.0 = Release|Win32
		{B802A050-F729-40AE-A88D-23337A84B9B0}.Debug|x64.ActiveCfg = Debug|x64
		{B802A050-F729-40AE-A88D-23337A84B9B0}.Debug|x64.Build.0 = Debug|x64
		{B802A050-F729-40AE-A88D-23337A84B9B0}.Debug|x86.ActiveCfg = Debug|Win32
		{B802A050-F729-40AE-A88D-23337A84B9B0}.Debug|x86.Build.0 = Debug|Win32
		{B802A050-F729-40AE-A88D-23337A84B9B0}.Release|x64.ActiveCfg = Release|x64
		{B802A050-F729-40AE-A88D-23337A84B9B0}.Release|x64.Build.0 = Release|x64
		{B802A050-F729-40AE-A88D-23337A84B9B0}.Release|x86.ActiveCfg = Release|Win32
		{B802A050-F729-40AE-A88D-23337A84B9B0}.Release|x86.Build.0 = Release|Win32
		{87CBE01D-7909-4E69-95C0-A725895F0D80}.Debug|x64.ActiveCfg = Debug|x64
		{87CBE01D-7909-4E69-95C0-A725895F0D80}.Debug|x64.Build.0 = Debug|x64
		{87CBE01D-7909-4E69-95C0-A725895F0D80}.Debug|x86.ActiveCfg = Debug|Win32
		{87CBE01D-7909-4E69-95C0-A725895F0D80}.Debug|x86.Build.0 = Debug|Win32
		{87CBE01D-7909-4E69-95C0-A725895F0D80}.Release|x64.ActiveCfg = Release|x64
		{87CBE01D-7909-4E69-95C0-A725895F0D80}.Release|x64.Build.0 = Release|x64
		{87CBE01D-7909-4E69-95C0-A725895F0D80}.Release|x86.ActiveCfg = Release|Win32
		{87CBE01D-7909-4E69-95C0-A725895F0D80}.Release|x86.Build.0 = Release|Win32
		{3D9F7306-B33C-4E1E-BEB3-528C3C7F0D87}.Debug|x64.ActiveCfg = Debug|x64
		{3D9F7306-B33C-4E1E-BEB3-528C3C7F0D87}.Debug|x64.Build.0 = Debug|x64
		{3D9F7306-B33C-4E1E-BEB3-528C3C7F0D87}.Debug|x86.ActiveCfg = Debug|Win32
		{3D9F7306-B33C-4E1E-BEB3-528C3C7F0D87}.Debug|x86.Build.0 = Debug|Win32
		{3D9F7306-B33C-4E1E-BEB3-528C3C7F0D87}.Release|x64.ActiveCfg = Release|x64
		{3D9F7306-B33C-4E1E-BEB3-528C3C7F0D87}.Release|x64.Build.0 = Release|x64
		{3D9F7306-B33C-4E1E-BEB3-528C3C7F0D87}.Release|x86.ActiveCfg = Release|Win32
		{3D9F7306-B33C-4E1E-BEB3-528C3C7F0D87}.Release|x86.Build.0 = Release|Win32
	EndGlobalSection
	GlobalSection(SolutionProperties) = preSolution
		HideSolutionNode = FALSE
	EndGlobalSection
	GlobalSection(NestedProjects) = preSolution
		{76002818-C24B-4A31-9FE0-21E1CFB3608C} = {B6369145-2D80-4B23-9A0D-D487D867E857}
		{66BE4C54-2BC6-4DF6-9408-6B69BC4A19A2} = {B6369145-2D80-4B23-9A0D-D487D867E857}
		{F9E98DF4-9B1B-4608-96DC-EFBF7C6AC739} = {B6369145-2D80-4B23-9A0D-D487D867E857}
		{FE1A8944-7D00-4C21-8D3F-3E2ED5455490} = {B6369145-2D80-4B23-9A0D-D487D867E857}
		{7C106378-EF73-4945-A66E-92766A45A3E0} = {B6369145-2D80-4B23-9A0D-D487D867E857}
		{525E4F7E-B0DD-43A7-87CE-48D362A78AEF} = {391679D8-3006-4DE9-8047-C3D658F119DB}
		{91576CE1-FB57-4F9B-BB24-B80FBFADCAF2} = {391679D8-3006-4DE9-8047-C3D658F119DB}
		{523C8498-86DB-4D64-A532-FBE84C6743A8} = {391679D8-3006-4DE9-8047-C3D658F119DB}
		{B802A050-F729-40AE-A88D-23337A84B9B0} = {391679D8-3006-4DE9-8047-C3D658F119DB}
		{87CBE01D-7909-4E69-95C0-A725895F0D80} = {391679D8-3006-4DE9-8047-C3D658F119DB}
		{3D9F7306-B33C-4E1E-BEB3-528C3C7F0D87} = {391679D8-3006-4DE9-8047-C3D658F119DB}
	EndGlobalSection
	GlobalSection(ExtensibilityGlobals) = postSolution
		SolutionGuid = {FA7209EE-5ABA-4DEF-A8C0-400757F79EBF}
	EndGlobalSection
EndGlobal
